
Microsoft Visual Studio Solution File, Format Version 12.00
# Visual Studio Version 17
VisualStudioVersion = 17.9.34622.214
MinimumVisualStudioVersion = 10.0.40219.1
Project("{FAE04EC0-301F-11D3-BF4B-00C04F79EFBC}") = "ShopApp.Server", "ShopApp.Server\ShopApp.Server.csproj", "{B72AFFAB-A4E4-48AD-81CD-4C20794B93CD}"
EndProject
Project("{54A90642-561A-4BB1-A94E-469ADEE60C69}") = "shopapp.client", "shopapp.client\shopapp.client.esproj", "{C46CE34B-1685-4443-90CA-B9478FB40BBC}"
EndProject
Global
	GlobalSection(SolutionConfigurationPlatforms) = preSolution
		Debug|Any CPU = Debug|Any CPU
		Release|Any CPU = Release|Any CPU
	EndGlobalSection
	GlobalSection(ProjectConfigurationPlatforms) = postSolution
		{B72AFFAB-A4E4-48AD-81CD-4C20794B93CD}.Debug|Any CPU.ActiveCfg = Debug|Any CPU
		{B72AFFAB-A4E4-48AD-81CD-4C20794B93CD}.Debug|Any CPU.Build.0 = Debug|Any CPU
		{B72AFFAB-A4E4-48AD-81CD-4C20794B93CD}.Release|Any CPU.ActiveCfg = Release|Any CPU
		{B72AFFAB-A4E4-48AD-81CD-4C20794B93CD}.Release|Any CPU.Build.0 = Release|Any CPU
		{C46CE34B-1685-4443-90CA-B9478FB40BBC}.Debug|Any CPU.ActiveCfg = Debug|Any CPU
		{C46CE34B-1685-4443-90CA-B9478FB40BBC}.Debug|Any CPU.Build.0 = Debug|Any CPU
		{C46CE34B-1685-4443-90CA-B9478FB40BBC}.Debug|Any CPU.Deploy.0 = Debug|Any CPU
		{C46CE34B-1685-4443-90CA-B9478FB40BBC}.Release|Any CPU.ActiveCfg = Release|Any CPU
		{C46CE34B-1685-4443-90CA-B9478FB40BBC}.Release|Any CPU.Build.0 = Release|Any CPU
		{C46CE34B-1685-4443-90CA-B9478FB40BBC}.Release|Any CPU.Deploy.0 = Release|Any CPU
	EndGlobalSection
	GlobalSection(SolutionProperties) = preSolution
		HideSolutionNode = FALSE
	EndGlobalSection
	GlobalSection(ExtensibilityGlobals) = postSolution
		SolutionGuid = {5AEEB597-74E8-421D-ADA9-3F143C8EE292}
	EndGlobalSection
EndGlobal
